{
  "name": "photobomb",
  "lockfileVersion": 2,
  "requires": true,
  "packages": {
    "": {
      "dependencies": {
        "opencv-ts": "^1.2.22"
      }
    },
    "node_modules/opencv-ts": {
      "version": "1.2.22",
      "resolved": "https://registry.npmjs.org/opencv-ts/-/opencv-ts-1.2.22.tgz",
      "integrity": "sha512-7DfDNF1R2FmEDR85ag/mR8u2uy0Mj6eKXKw1Eul7JkMAB2epylKbRj1vMkb6ymyoSqI5gWzut+Kau3/jGjpH4A==",
      "dependencies": {
        "typescript": "^4.2.3"
      }
    },
    "node_modules/typescript": {
      "version": "4.5.2",
      "resolved": "https://registry.npmjs.org/typescript/-/typescript-4.5.2.tgz",
      "integrity": "sha512-5BlMof9H1yGt0P8/WF+wPNw6GfctgGjXp5hkblpyT+8rkASSmkUKMXrxR0Xg8ThVCi/JnHQiKXeBaEwCeQwMFw==",
      "bin": {
        "tsc": "bin/tsc",
        "tsserver": "bin/tsserver"
      },
      "engines": {
        "node": ">=4.2.0"
      }
    }
  },
  "dependencies": {
    "opencv-ts": {
      "version": "1.2.22",
      "resolved": "https://registry.npmjs.org/opencv-ts/-/opencv-ts-1.2.22.tgz",
      "integrity": "sha512-7DfDNF1R2FmEDR85ag/mR8u2uy0Mj6eKXKw1Eul7JkMAB2epylKbRj1vMkb6ymyoSqI5gWzut+Kau3/jGjpH4A==",
      "requires": {
        "typescript": "^4.2.3"
      }
    },
    "typescript": {
      "version": "4.5.2",
      "resolved": "https://registry.npmjs.org/typescript/-/typescript-4.5.2.tgz",
      "integrity": "sha512-5BlMof9H1yGt0P8/WF+wPNw6GfctgGjXp5hkblpyT+8rkASSmkUKMXrxR0Xg8ThVCi/JnHQiKXeBaEwCeQwMFw=="
    }
  }
}
